{
  "name": "nyaa-proxy",
  "version": "1.0.0",
  "lockfileVersion": 3,
  "requires": true,
  "packages": {
    "": {
      "name": "nyaa-proxy",
      "version": "1.0.0",
      "license": "ISC",
      "dependencies": {
        "@hono/node-server": "^1.16.0",
        "hono": "^4.8.5"
      }
    },
    "node_modules/@hono/node-server": {
      "version": "1.16.0",
      "resolved": "https://registry.npmjs.org/@hono/node-server/-/node-server-1.16.0.tgz",
      "integrity": "sha512-9LwRb5XOrTFapOABiQjGC50wRVlzUvWZsDHINCnkBniP+Q+LQf4waN0nzk9t+2kqcTsnGnieSmqpHsr6kH2bdw==",
      "license": "MIT",
      "engines": {
        "node": ">=18.14.1"
      },
      "peerDependencies": {
        "hono": "^4"
      }
    },
    "node_modules/hono": {
      "version": "4.8.5",
      "resolved": "https://registry.npmjs.org/hono/-/hono-4.8.5.tgz",
      "integrity": "sha512-Up2cQbtNz1s111qpnnECdTGqSIUIhZJMLikdKkshebQSEBcoUKq6XJayLGqSZWidiH0zfHRCJqFu062Mz5UuRA==",
      "license": "MIT",
      "engines": {
        "node": ">=16.9.0"
      }
    }
  }
}
